
Microsoft Visual Studio Solution File, Format Version 12.00
# Visual Studio 15
VisualStudioVersion = 15.0.27703.2035
MinimumVisualStudioVersion = 10.0.40219.1
Project("{9A19103F-16F7-4668-BE54-9A1E7A4F7556}") = "tp3_fundamentos", "tp3_fundamentos\tp3_fundamentos.csproj", "{37714B22-D6A1-4C85-BEA9-D36578E26D9D}"
EndProject
Project("{FAE04EC0-301F-11D3-BF4B-00C04F79EFBC}") = "Dominio", "Dominio\Dominio.csproj", "{4AF6F31A-C590-49EF-BD5F-62CB7F54B5F3}"
EndProject
Global
	GlobalSection(SolutionConfigurationPlatforms) = preSolution
		Debug|Any CPU = Debug|Any CPU
		Release|Any CPU = Release|Any CPU
	EndGlobalSection
	GlobalSection(ProjectConfigurationPlatforms) = postSolution
		{37714B22-D6A1-4C85-BEA9-D36578E26D9D}.Debug|Any CPU.ActiveCfg = Debug|Any CPU
		{37714B22-D6A1-4C85-BEA9-D36578E26D9D}.Debug|Any CPU.Build.0 = Debug|Any CPU
		{37714B22-D6A1-4C85-BEA9-D36578E26D9D}.Release|Any CPU.ActiveCfg = Release|Any CPU
		{37714B22-D6A1-4C85-BEA9-D36578E26D9D}.Release|Any CPU.Build.0 = Release|Any CPU
		{4AF6F31A-C590-49EF-BD5F-62CB7F54B5F3}.Debug|Any CPU.ActiveCfg = Debug|Any CPU
		{4AF6F31A-C590-49EF-BD5F-62CB7F54B5F3}.Debug|Any CPU.Build.0 = Debug|Any CPU
		{4AF6F31A-C590-49EF-BD5F-62CB7F54B5F3}.Release|Any CPU.ActiveCfg = Release|Any CPU
		{4AF6F31A-C590-49EF-BD5F-62CB7F54B5F3}.Release|Any CPU.Build.0 = Release|Any CPU
	EndGlobalSection
	GlobalSection(SolutionProperties) = preSolution
		HideSolutionNode = FALSE
	EndGlobalSection
	GlobalSection(ExtensibilityGlobals) = postSolution
		SolutionGuid = {DE93A2BF-ACF4-4C67-A9D6-ABD431BE410D}
	EndGlobalSection
EndGlobal
